
Microsoft Visual Studio Solution File, Format Version 12.00
# Visual Studio Version 16
VisualStudioVersion = 16.0.31129.286
MinimumVisualStudioVersion = 10.0.40219.1
Project("{FAE04EC0-301F-11D3-BF4B-00C04F79EFBC}") = "CSBasic2", "CSBasic2\CSBasic2.csproj", "{7447CBD7-3601-49D3-AA95-3D0E432B1A1E}"
EndProject
Global
	GlobalSection(SolutionConfigurationPlatforms) = preSolution
		Debug|Any CPU = Debug|Any CPU
		Release|Any CPU = Release|Any CPU
	EndGlobalSection
	GlobalSection(ProjectConfigurationPlatforms) = postSolution
		{7447CBD7-3601-49D3-AA95-3D0E432B1A1E}.Debug|Any CPU.ActiveCfg = Debug|Any CPU
		{7447CBD7-3601-49D3-AA95-3D0E432B1A1E}.Debug|Any CPU.Build.0 = Debug|Any CPU
		{7447CBD7-3601-49D3-AA95-3D0E432B1A1E}.Release|Any CPU.ActiveCfg = Release|Any CPU
		{7447CBD7-3601-49D3-AA95-3D0E432B1A1E}.Release|Any CPU.Build.0 = Release|Any CPU
	EndGlobalSection
	GlobalSection(SolutionProperties) = preSolution
		HideSolutionNode = FALSE
	EndGlobalSection
	GlobalSection(ExtensibilityGlobals) = postSolution
		SolutionGuid = {0878CF91-D59C-4F31-B728-931BD73037F6}
	EndGlobalSection
EndGlobal
